
Microsoft Visual Studio Solution File, Format Version 12.00
# Visual Studio 2012
Project("{FAE04EC0-301F-11D3-BF4B-00C04F79EFBC}") = "PackageActionTester", "PackageActionTester\PackageActionTester.csproj", "{50DA214A-BA32-4E02-870E-622895172F4D}"
EndProject
Global
	GlobalSection(SolutionConfigurationPlatforms) = preSolution
		Debug|Any CPU = Debug|Any CPU
		Release|Any CPU = Release|Any CPU
		UmbracoV7|Any CPU = UmbracoV7|Any CPU
	EndGlobalSection
	GlobalSection(ProjectConfigurationPlatforms) = postSolution
		{50DA214A-BA32-4E02-870E-622895172F4D}.Debug|Any CPU.ActiveCfg = Debug|Any CPU
		{50DA214A-BA32-4E02-870E-622895172F4D}.Debug|Any CPU.Build.0 = Debug|Any CPU
		{50DA214A-BA32-4E02-870E-622895172F4D}.Release|Any CPU.ActiveCfg = Release|Any CPU
		{50DA214A-BA32-4E02-870E-622895172F4D}.Release|Any CPU.Build.0 = Release|Any CPU
		{50DA214A-BA32-4E02-870E-622895172F4D}.UmbracoV7|Any CPU.ActiveCfg = UmbracoV7|Any CPU
		{50DA214A-BA32-4E02-870E-622895172F4D}.UmbracoV7|Any CPU.Build.0 = UmbracoV7|Any CPU
	EndGlobalSection
	GlobalSection(SolutionProperties) = preSolution
		HideSolutionNode = FALSE
	EndGlobalSection
EndGlobal
